
Microsoft Visual Studio Solution File, Format Version 12.00
# Visual Studio Version 16
VisualStudioVersion = 16.0.31321.278
MinimumVisualStudioVersion = 10.0.40219.1
Project("{FAE04EC0-301F-11D3-BF4B-00C04F79EFBC}") = "Sanction Memo", "Sanction Memo.csproj", "{019A084F-8845-4861-B3E2-2CA95DC5659C}"
EndProject
Global
	GlobalSection(SolutionConfigurationPlatforms) = preSolution
		Debug|Any CPU = Debug|Any CPU
		Release|Any CPU = Release|Any CPU
	EndGlobalSection
	GlobalSection(ProjectConfigurationPlatforms) = postSolution
		{019A084F-8845-4861-B3E2-2CA95DC5659C}.Debug|Any CPU.ActiveCfg = Debug|Any CPU
		{019A084F-8845-4861-B3E2-2CA95DC5659C}.Debug|Any CPU.Build.0 = Debug|Any CPU
		{019A084F-8845-4861-B3E2-2CA95DC5659C}.Release|Any CPU.ActiveCfg = Release|Any CPU
		{019A084F-8845-4861-B3E2-2CA95DC5659C}.Release|Any CPU.Build.0 = Release|Any CPU
	EndGlobalSection
	GlobalSection(SolutionProperties) = preSolution
		HideSolutionNode = FALSE
	EndGlobalSection
	GlobalSection(ExtensibilityGlobals) = postSolution
		SolutionGuid = {68A5262B-2E23-407F-9B3A-370AD288AC87}
	EndGlobalSection
EndGlobal
